// !$*UTF8*$!
{
	archiveVersion = 1;
	classes = {
	};
	objectVersion = 55;
	objects = {

/* Begin PBXBuildFile section */
		0B43ECE908E6C7066E402EFE /* Pods_TrainCampTests.framework in Frameworks */ = {isa = PBXBuildFile; fileRef = 1E78ACE1E6E7372A029F578E /* Pods_TrainCampTests.framework */; };
		310D466E5D287C09480EAE2B /* Pods_TrainCamp.framework in Frameworks */ = {isa = PBXBuildFile; fileRef = 4901FCD1D8EA0A17E194F2CE /* Pods_TrainCamp.framework */; };
		7715B1AD2850A18C00DD330B /* AppDelegate.swift in Sources */ = {isa = PBXBuildFile; fileRef = 7715B1AC2850A18C00DD330B /* AppDelegate.swift */; };
		7715B1AF2850A18C00DD330B /* SceneDelegate.swift in Sources */ = {isa = PBXBuildFile; fileRef = 7715B1AE2850A18C00DD330B /* SceneDelegate.swift */; };
		7715B1B12850A18C00DD330B /* ViewController.swift in Sources */ = {isa = PBXBuildFile; fileRef = 7715B1B02850A18C00DD330B /* ViewController.swift */; };
		7715B1B42850A18C00DD330B /* Main.storyboard in Resources */ = {isa = PBXBuildFile; fileRef = 7715B1B22850A18C00DD330B /* Main.storyboard */; };
		7715B1B62850A18C00DD330B /* Assets.xcassets in Resources */ = {isa = PBXBuildFile; fileRef = 7715B1B52850A18C00DD330B /* Assets.xcassets */; };
		7715B1B92850A18C00DD330B /* LaunchScreen.storyboard in Resources */ = {isa = PBXBuildFile; fileRef = 7715B1B72850A18C00DD330B /* LaunchScreen.storyboard */; };
		7715B1C42850A18C00DD330B /* TrainCampTests.swift in Sources */ = {isa = PBXBuildFile; fileRef = 7715B1C32850A18C00DD330B /* TrainCampTests.swift */; };
		7715B1CE2850A18C00DD330B /* TrainCampUITests.swift in Sources */ = {isa = PBXBuildFile; fileRef = 7715B1CD2850A18C00DD330B /* TrainCampUITests.swift */; };
		7715B1D02850A18C00DD330B /* TrainCampUITestsLaunchTests.swift in Sources */ = {isa = PBXBuildFile; fileRef = 7715B1CF2850A18C00DD330B /* TrainCampUITestsLaunchTests.swift */; };
		7715B1DD2850A6DA00DD330B /* LoginViewController.swift in Sources */ = {isa = PBXBuildFile; fileRef = 7715B1DC2850A6DA00DD330B /* LoginViewController.swift */; };
		CA2B8F7128535F7600164286 /* GoogleService-Info.plist in Resources */ = {isa = PBXBuildFile; fileRef = CA2B8F7028535F7600164286 /* GoogleService-Info.plist */; };
		DF722C190288CB6823E40552 /* Pods_TrainCamp_TrainCampUITests.framework in Frameworks */ = {isa = PBXBuildFile; fileRef = 318629AA0A1564ACF197C27B /* Pods_TrainCamp_TrainCampUITests.framework */; };
/* End PBXBuildFile section */

/* Begin PBXContainerItemProxy section */
		7715B1C02850A18C00DD330B /* PBXContainerItemProxy */ = {
			isa = PBXContainerItemProxy;
			containerPortal = 7715B1A12850A18C00DD330B /* Project object */;
			proxyType = 1;
			remoteGlobalIDString = 7715B1A82850A18C00DD330B;
			remoteInfo = TrainCamp;
		};
		7715B1CA2850A18C00DD330B /* PBXContainerItemProxy */ = {
			isa = PBXContainerItemProxy;
			containerPortal = 7715B1A12850A18C00DD330B /* Project object */;
			proxyType = 1;
			remoteGlobalIDString = 7715B1A82850A18C00DD330B;
			remoteInfo = TrainCamp;
		};
/* End PBXContainerItemProxy section */

/* Begin PBXFileReference section */
		11277E67E29D85D0DE9C0125 /* Pods-TrainCamp-TrainCampUITests.release.xcconfig */ = {isa = PBXFileReference; includeInIndex = 1; lastKnownFileType = text.xcconfig; name = "Pods-TrainCamp-TrainCampUITests.release.xcconfig"; path = "Target Support Files/Pods-TrainCamp-TrainCampUITests/Pods-TrainCamp-TrainCampUITests.release.xcconfig"; sourceTree = "<group>"; };
		1E78ACE1E6E7372A029F578E /* Pods_TrainCampTests.framework */ = {isa = PBXFileReference; explicitFileType = wrapper.framework; includeInIndex = 0; path = Pods_TrainCampTests.framework; sourceTree = BUILT_PRODUCTS_DIR; };
		29BE7122A555E78AD28BCDA4 /* Pods-TrainCampTests.debug.xcconfig */ = {isa = PBXFileReference; includeInIndex = 1; lastKnownFileType = text.xcconfig; name = "Pods-TrainCampTests.debug.xcconfig"; path = "Target Support Files/Pods-TrainCampTests/Pods-TrainCampTests.debug.xcconfig"; sourceTree = "<group>"; };
		318629AA0A1564ACF197C27B /* Pods_TrainCamp_TrainCampUITests.framework */ = {isa = PBXFileReference; explicitFileType = wrapper.framework; includeInIndex = 0; path = Pods_TrainCamp_TrainCampUITests.framework; sourceTree = BUILT_PRODUCTS_DIR; };
		4901FCD1D8EA0A17E194F2CE /* Pods_TrainCamp.framework */ = {isa = PBXFileReference; explicitFileType = wrapper.framework; includeInIndex = 0; path = Pods_TrainCamp.framework; sourceTree = BUILT_PRODUCTS_DIR; };
		547B41D03429B764D6533B4A /* Pods-TrainCamp.debug.xcconfig */ = {isa = PBXFileReference; includeInIndex = 1; lastKnownFileType = text.xcconfig; name = "Pods-TrainCamp.debug.xcconfig"; path = "Target Support Files/Pods-TrainCamp/Pods-TrainCamp.debug.xcconfig"; sourceTree = "<group>"; };
		5C252DC75084349BF852605A /* Pods-TrainCamp.release.xcconfig */ = {isa = PBXFileReference; includeInIndex = 1; lastKnownFileType = text.xcconfig; name = "Pods-TrainCamp.release.xcconfig"; path = "Target Support Files/Pods-TrainCamp/Pods-TrainCamp.release.xcconfig"; sourceTree = "<group>"; };
		7715B1A92850A18C00DD330B /* TrainCamp.app */ = {isa = PBXFileReference; explicitFileType = wrapper.application; includeInIndex = 0; path = TrainCamp.app; sourceTree = BUILT_PRODUCTS_DIR; };
		7715B1AC2850A18C00DD330B /* AppDelegate.swift */ = {isa = PBXFileReference; lastKnownFileType = sourcecode.swift; path = AppDelegate.swift; sourceTree = "<group>"; };
		7715B1AE2850A18C00DD330B /* SceneDelegate.swift */ = {isa = PBXFileReference; lastKnownFileType = sourcecode.swift; path = SceneDelegate.swift; sourceTree = "<group>"; };
		7715B1B02850A18C00DD330B /* ViewController.swift */ = {isa = PBXFileReference; lastKnownFileType = sourcecode.swift; path = ViewController.swift; sourceTree = "<group>"; };
		7715B1B32850A18C00DD330B /* Base */ = {isa = PBXFileReference; lastKnownFileType = file.storyboard; name = Base; path = Base.lproj/Main.storyboard; sourceTree = "<group>"; };
		7715B1B52850A18C00DD330B /* Assets.xcassets */ = {isa = PBXFileReference; lastKnownFileType = folder.assetcatalog; path = Assets.xcassets; sourceTree = "<group>"; };
		7715B1B82850A18C00DD330B /* Base */ = {isa = PBXFileReference; lastKnownFileType = file.storyboard; name = Base; path = Base.lproj/LaunchScreen.storyboard; sourceTree = "<group>"; };
		7715B1BA2850A18C00DD330B /* Info.plist */ = {isa = PBXFileReference; lastKnownFileType = text.plist.xml; path = Info.plist; sourceTree = "<group>"; };
		7715B1BF2850A18C00DD330B /* TrainCampTests.xctest */ = {isa = PBXFileReference; explicitFileType = wrapper.cfbundle; includeInIndex = 0; path = TrainCampTests.xctest; sourceTree = BUILT_PRODUCTS_DIR; };
		7715B1C32850A18C00DD330B /* TrainCampTests.swift */ = {isa = PBXFileReference; lastKnownFileType = sourcecode.swift; path = TrainCampTests.swift; sourceTree = "<group>"; };
		7715B1C92850A18C00DD330B /* TrainCampUITests.xctest */ = {isa = PBXFileReference; explicitFileType = wrapper.cfbundle; includeInIndex = 0; path = TrainCampUITests.xctest; sourceTree = BUILT_PRODUCTS_DIR; };
		7715B1CD2850A18C00DD330B /* TrainCampUITests.swift */ = {isa = PBXFileReference; lastKnownFileType = sourcecode.swift; path = TrainCampUITests.swift; sourceTree = "<group>"; };
		7715B1CF2850A18C00DD330B /* TrainCampUITestsLaunchTests.swift */ = {isa = PBXFileReference; lastKnownFileType = sourcecode.swift; path = TrainCampUITestsLaunchTests.swift; sourceTree = "<group>"; };
		7715B1DC2850A6DA00DD330B /* LoginViewController.swift */ = {isa = PBXFileReference; lastKnownFileType = sourcecode.swift; path = LoginViewController.swift; sourceTree = "<group>"; };
		C8BA058D7C7380F583E68E26 /* Pods-TrainCamp-TrainCampUITests.debug.xcconfig */ = {isa = PBXFileReference; includeInIndex = 1; lastKnownFileType = text.xcconfig; name = "Pods-TrainCamp-TrainCampUITests.debug.xcconfig"; path = "Target Support Files/Pods-TrainCamp-TrainCampUITests/Pods-TrainCamp-TrainCampUITests.debug.xcconfig"; sourceTree = "<group>"; };
		CA2B8F7028535F7600164286 /* GoogleService-Info.plist */ = {isa = PBXFileReference; fileEncoding = 4; lastKnownFileType = text.plist.xml; name = "GoogleService-Info.plist"; path = "../../../Downloads/GoogleService-Info.plist"; sourceTree = "<group>"; };
		F574CC297BCB7C092DDABA44 /* Pods-TrainCampTests.release.xcconfig */ = {isa = PBXFileReference; includeInIndex = 1; lastKnownFileType = text.xcconfig; name = "Pods-TrainCampTests.release.xcconfig"; path = "Target Support Files/Pods-TrainCampTests/Pods-TrainCampTests.release.xcconfig"; sourceTree = "<group>"; };
/* End PBXFileReference section */

/* Begin PBXFrameworksBuildPhase section */
		7715B1A62850A18C00DD330B /* Frameworks */ = {
			isa = PBXFrameworksBuildPhase;
			buildActionMask = 2147483647;
			files = (
				310D466E5D287C09480EAE2B /* Pods_TrainCamp.framework in Frameworks */,
			);
			runOnlyForDeploymentPostprocessing = 0;
		};
		7715B1BC2850A18C00DD330B /* Frameworks */ = {
			isa = PBXFrameworksBuildPhase;
			buildActionMask = 2147483647;
			files = (
				0B43ECE908E6C7066E402EFE /* Pods_TrainCampTests.framework in Frameworks */,
			);
			runOnlyForDeploymentPostprocessing = 0;
		};
		7715B1C62850A18C00DD330B /* Frameworks */ = {
			isa = PBXFrameworksBuildPhase;
			buildActionMask = 2147483647;
			files = (
				DF722C190288CB6823E40552 /* Pods_TrainCamp_TrainCampUITests.framework in Frameworks */,
			);
			runOnlyForDeploymentPostprocessing = 0;
		};
/* End PBXFrameworksBuildPhase section */

/* Begin PBXGroup section */
		09B56351B13ADF8BB4A61120 /* Frameworks */ = {
			isa = PBXGroup;
			children = (
				4901FCD1D8EA0A17E194F2CE /* Pods_TrainCamp.framework */,
				318629AA0A1564ACF197C27B /* Pods_TrainCamp_TrainCampUITests.framework */,
				1E78ACE1E6E7372A029F578E /* Pods_TrainCampTests.framework */,
			);
			name = Frameworks;
			sourceTree = "<group>";
		};
		114B9D2C5A352C83B5DF2E55 /* Pods */ = {
			isa = PBXGroup;
			children = (
				547B41D03429B764D6533B4A /* Pods-TrainCamp.debug.xcconfig */,
				5C252DC75084349BF852605A /* Pods-TrainCamp.release.xcconfig */,
				C8BA058D7C7380F583E68E26 /* Pods-TrainCamp-TrainCampUITests.debug.xcconfig */,
				11277E67E29D85D0DE9C0125 /* Pods-TrainCamp-TrainCampUITests.release.xcconfig */,
				29BE7122A555E78AD28BCDA4 /* Pods-TrainCampTests.debug.xcconfig */,
				F574CC297BCB7C092DDABA44 /* Pods-TrainCampTests.release.xcconfig */,
			);
			path = Pods;
			sourceTree = "<group>";
		};
		7715B1A02850A18C00DD330B = {
			isa = PBXGroup;
			children = (
				7715B1AB2850A18C00DD330B /* TrainCamp */,
				7715B1C22850A18C00DD330B /* TrainCampTests */,
				7715B1CC2850A18C00DD330B /* TrainCampUITests */,
				7715B1AA2850A18C00DD330B /* Products */,
				114B9D2C5A352C83B5DF2E55 /* Pods */,
				09B56351B13ADF8BB4A61120 /* Frameworks */,
			);
			sourceTree = "<group>";
		};
		7715B1AA2850A18C00DD330B /* Products */ = {
			isa = PBXGroup;
			children = (
				7715B1A92850A18C00DD330B /* TrainCamp.app */,
				7715B1BF2850A18C00DD330B /* TrainCampTests.xctest */,
				7715B1C92850A18C00DD330B /* TrainCampUITests.xctest */,
			);
			name = Products;
			sourceTree = "<group>";
		};
		7715B1AB2850A18C00DD330B /* TrainCamp */ = {
			isa = PBXGroup;
			children = (
				CA2B8F7028535F7600164286 /* GoogleService-Info.plist */,
				7715B1AC2850A18C00DD330B /* AppDelegate.swift */,
				7715B1AE2850A18C00DD330B /* SceneDelegate.swift */,
				7715B1B02850A18C00DD330B /* ViewController.swift */,
				7715B1B22850A18C00DD330B /* Main.storyboard */,
				7715B1B52850A18C00DD330B /* Assets.xcassets */,
				7715B1B72850A18C00DD330B /* LaunchScreen.storyboard */,
				7715B1BA2850A18C00DD330B /* Info.plist */,
				7715B1DC2850A6DA00DD330B /* LoginViewController.swift */,
			);
			path = TrainCamp;
			sourceTree = "<group>";
		};
		7715B1C22850A18C00DD330B /* TrainCampTests */ = {
			isa = PBXGroup;
			children = (
				7715B1C32850A18C00DD330B /* TrainCampTests.swift */,
			);
			path = TrainCampTests;
			sourceTree = "<group>";
		};
		7715B1CC2850A18C00DD330B /* TrainCampUITests */ = {
			isa = PBXGroup;
			children = (
				7715B1CD2850A18C00DD330B /* TrainCampUITests.swift */,
				7715B1CF2850A18C00DD330B /* TrainCampUITestsLaunchTests.swift */,
			);
			path = TrainCampUITests;
			sourceTree = "<group>";
		};
/* End PBXGroup section */

/* Begin PBXNativeTarget section */
		7715B1A82850A18C00DD330B /* TrainCamp */ = {
			isa = PBXNativeTarget;
			buildConfigurationList = 7715B1D32850A18C00DD330B /* Build configuration list for PBXNativeTarget "TrainCamp" */;
			buildPhases = (
				46B289B6522700149CD6E121 /* [CP] Check Pods Manifest.lock */,
				7715B1A52850A18C00DD330B /* Sources */,
				7715B1A62850A18C00DD330B /* Frameworks */,
				7715B1A72850A18C00DD330B /* Resources */,
				71B28D45DCD60B82B84EBCAC /* [CP] Embed Pods Frameworks */,
			);
			buildRules = (
			);
			dependencies = (
			);
			name = TrainCamp;
			productName = TrainCamp;
			productReference = 7715B1A92850A18C00DD330B /* TrainCamp.app */;
			productType = "com.apple.product-type.application";
		};
		7715B1BE2850A18C00DD330B /* TrainCampTests */ = {
			isa = PBXNativeTarget;
			buildConfigurationList = 7715B1D62850A18C00DD330B /* Build configuration list for PBXNativeTarget "TrainCampTests" */;
			buildPhases = (
				BD3F07372A0A76736B119259 /* [CP] Check Pods Manifest.lock */,
				7715B1BB2850A18C00DD330B /* Sources */,
				7715B1BC2850A18C00DD330B /* Frameworks */,
				7715B1BD2850A18C00DD330B /* Resources */,
			);
			buildRules = (
			);
			dependencies = (
				7715B1C12850A18C00DD330B /* PBXTargetDependency */,
			);
			name = TrainCampTests;
			productName = TrainCampTests;
			productReference = 7715B1BF2850A18C00DD330B /* TrainCampTests.xctest */;
			productType = "com.apple.product-type.bundle.unit-test";
		};
		7715B1C82850A18C00DD330B /* TrainCampUITests */ = {
			isa = PBXNativeTarget;
			buildConfigurationList = 7715B1D92850A18C00DD330B /* Build configuration list for PBXNativeTarget "TrainCampUITests" */;
			buildPhases = (
				9CFC49D2DE92CA81C8467884 /* [CP] Check Pods Manifest.lock */,
				7715B1C52850A18C00DD330B /* Sources */,
				7715B1C62850A18C00DD330B /* Frameworks */,
				7715B1C72850A18C00DD330B /* Resources */,
				8F12DB72B5196D95857B8835 /* [CP] Embed Pods Frameworks */,
			);
			buildRules = (
			);
			dependencies = (
				7715B1CB2850A18C00DD330B /* PBXTargetDependency */,
			);
			name = TrainCampUITests;
			productName = TrainCampUITests;
			productReference = 7715B1C92850A18C00DD330B /* TrainCampUITests.xctest */;
			productType = "com.apple.product-type.bundle.ui-testing";
		};
/* End PBXNativeTarget section */

/* Begin PBXProject section */
		7715B1A12850A18C00DD330B /* Project object */ = {
			isa = PBXProject;
			attributes = {
				BuildIndependentTargetsInParallel = 1;
				LastSwiftUpdateCheck = 1340;
				LastUpgradeCheck = 1340;
				TargetAttributes = {
					7715B1A82850A18C00DD330B = {
						CreatedOnToolsVersion = 13.4;
					};
					7715B1BE2850A18C00DD330B = {
						CreatedOnToolsVersion = 13.4;
						TestTargetID = 7715B1A82850A18C00DD330B;
					};
					7715B1C82850A18C00DD330B = {
						CreatedOnToolsVersion = 13.4;
						TestTargetID = 7715B1A82850A18C00DD330B;
					};
				};
			};
			buildConfigurationList = 7715B1A42850A18C00DD330B /* Build configuration list for PBXProject "TrainCamp" */;
			compatibilityVersion = "Xcode 13.0";
			developmentRegion = en;
			hasScannedForEncodings = 0;
			knownRegions = (
				en,
				Base,
			);
			mainGroup = 7715B1A02850A18C00DD330B;
			productRefGroup = 7715B1AA2850A18C00DD330B /* Products */;
			projectDirPath = "";
			projectRoot = "";
			targets = (
				7715B1A82850A18C00DD330B /* TrainCamp */,
				7715B1BE2850A18C00DD330B /* TrainCampTests */,
				7715B1C82850A18C00DD330B /* TrainCampUITests */,
			);
		};
/* End PBXProject section */

/* Begin PBXResourcesBuildPhase section */
		7715B1A72850A18C00DD330B /* Resources */ = {
			isa = PBXResourcesBuildPhase;
			buildActionMask = 2147483647;
			files = (
				7715B1B92850A18C00DD330B /* LaunchScreen.storyboard in Resources */,
				CA2B8F7128535F7600164286 /* GoogleService-Info.plist in Resources */,
				7715B1B62850A18C00DD330B /* Assets.xcassets in Resources */,
				7715B1B42850A18C00DD330B /* Main.storyboard in Resources */,
			);
			runOnlyForDeploymentPostprocessing = 0;
		};
		7715B1BD2850A18C00DD330B /* Resources */ = {
			isa = PBXResourcesBuildPhase;
			buildActionMask = 2147483647;
			files = (
			);
			runOnlyForDeploymentPostprocessing = 0;
		};
		7715B1C72850A18C00DD330B /* Resources */ = {
			isa = PBXResourcesBuildPhase;
			buildActionMask = 2147483647;
			files = (
			);
			runOnlyForDeploymentPostprocessing = 0;
		};
/* End PBXResourcesBuildPhase section */

/* Begin PBXShellScriptBuildPhase section */
		46B289B6522700149CD6E121 /* [CP] Check Pods Manifest.lock */ = {
			isa = PBXShellScriptBuildPhase;
			buildActionMask = 2147483647;
			files = (
			);
			inputFileListPaths = (
			);
			inputPaths = (
				"${PODS_PODFILE_DIR_PATH}/Podfile.lock",
				"${PODS_ROOT}/Manifest.lock",
			);
			name = "[CP] Check Pods Manifest.lock";
			outputFileListPaths = (
			);
			outputPaths = (
				"$(DERIVED_FILE_DIR)/Pods-TrainCamp-checkManifestLockResult.txt",
			);
			runOnlyForDeploymentPostprocessing = 0;
			shellPath = /bin/sh;
			shellScript = "diff \"${PODS_PODFILE_DIR_PATH}/Podfile.lock\" \"${PODS_ROOT}/Manifest.lock\" > /dev/null\nif [ $? != 0 ] ; then\n    # print error to STDERR\n    echo \"error: The sandbox is not in sync with the Podfile.lock. Run 'pod install' or update your CocoaPods installation.\" >&2\n    exit 1\nfi\n# This output is used by Xcode 'outputs' to avoid re-running this script phase.\necho \"SUCCESS\" > \"${SCRIPT_OUTPUT_FILE_0}\"\n";
			showEnvVarsInLog = 0;
		};
		71B28D45DCD60B82B84EBCAC /* [CP] Embed Pods Frameworks */ = {
			isa = PBXShellScriptBuildPhase;
			buildActionMask = 2147483647;
			files = (
			);
			inputFileListPaths = (
				"${PODS_ROOT}/Target Support Files/Pods-TrainCamp/Pods-TrainCamp-frameworks-${CONFIGURATION}-input-files.xcfilelist",
			);
			name = "[CP] Embed Pods Frameworks";
			outputFileListPaths = (
				"${PODS_ROOT}/Target Support Files/Pods-TrainCamp/Pods-TrainCamp-frameworks-${CONFIGURATION}-output-files.xcfilelist",
			);
			runOnlyForDeploymentPostprocessing = 0;
			shellPath = /bin/sh;
			shellScript = "\"${PODS_ROOT}/Target Support Files/Pods-TrainCamp/Pods-TrainCamp-frameworks.sh\"\n";
			showEnvVarsInLog = 0;
		};
		8F12DB72B5196D95857B8835 /* [CP] Embed Pods Frameworks */ = {
			isa = PBXShellScriptBuildPhase;
			buildActionMask = 2147483647;
			files = (
			);
			inputFileListPaths = (
				"${PODS_ROOT}/Target Support Files/Pods-TrainCamp-TrainCampUITests/Pods-TrainCamp-TrainCampUITests-frameworks-${CONFIGURATION}-input-files.xcfilelist",
			);
			name = "[CP] Embed Pods Frameworks";
			outputFileListPaths = (
				"${PODS_ROOT}/Target Support Files/Pods-TrainCamp-TrainCampUITests/Pods-TrainCamp-TrainCampUITests-frameworks-${CONFIGURATION}-output-files.xcfilelist",
			);
			runOnlyForDeploymentPostprocessing = 0;
			shellPath = /bin/sh;
			shellScript = "\"${PODS_ROOT}/Target Support Files/Pods-TrainCamp-TrainCampUITests/Pods-TrainCamp-TrainCampUITests-frameworks.sh\"\n";
			showEnvVarsInLog = 0;
		};
		9CFC49D2DE92CA81C8467884 /* [CP] Check Pods Manifest.lock */ = {
			isa = PBXShellScriptBuildPhase;
			buildActionMask = 2147483647;
			files = (
			);
			inputFileListPaths = (
			);
			inputPaths = (
				"${PODS_PODFILE_DIR_PATH}/Podfile.lock",
				"${PODS_ROOT}/Manifest.lock",
			);
			name = "[CP] Check Pods Manifest.lock";
			outputFileListPaths = (
			);
			outputPaths = (
				"$(DERIVED_FILE_DIR)/Pods-TrainCamp-TrainCampUITests-checkManifestLockResult.txt",
			);
			runOnlyForDeploymentPostprocessing = 0;
			shellPath = /bin/sh;
			shellScript = "diff \"${PODS_PODFILE_DIR_PATH}/Podfile.lock\" \"${PODS_ROOT}/Manifest.lock\" > /dev/null\nif [ $? != 0 ] ; then\n    # print error to STDERR\n    echo \"error: The sandbox is not in sync with the Podfile.lock. Run 'pod install' or update your CocoaPods installation.\" >&2\n    exit 1\nfi\n# This output is used by Xcode 'outputs' to avoid re-running this script phase.\necho \"SUCCESS\" > \"${SCRIPT_OUTPUT_FILE_0}\"\n";
			showEnvVarsInLog = 0;
		};
		BD3F07372A0A76736B119259 /* [CP] Check Pods Manifest.lock */ = {
			isa = PBXShellScriptBuildPhase;
			buildActionMask = 2147483647;
			files = (
			);
			inputFileListPaths = (
			);
			inputPaths = (
				"${PODS_PODFILE_DIR_PATH}/Podfile.lock",
				"${PODS_ROOT}/Manifest.lock",
			);
			name = "[CP] Check Pods Manifest.lock";
			outputFileListPaths = (
			);
			outputPaths = (
				"$(DERIVED_FILE_DIR)/Pods-TrainCampTests-checkManifestLockResult.txt",
			);
			runOnlyForDeploymentPostprocessing = 0;
			shellPath = /bin/sh;
			shellScript = "diff \"${PODS_PODFILE_DIR_PATH}/Podfile.lock\" \"${PODS_ROOT}/Manifest.lock\" > /dev/null\nif [ $? != 0 ] ; then\n    # print error to STDERR\n    echo \"error: The sandbox is not in sync with the Podfile.lock. Run 'pod install' or update your CocoaPods installation.\" >&2\n    exit 1\nfi\n# This output is used by Xcode 'outputs' to avoid re-running this script phase.\necho \"SUCCESS\" > \"${SCRIPT_OUTPUT_FILE_0}\"\n";
			showEnvVarsInLog = 0;
		};
/* End PBXShellScriptBuildPhase section */

/* Begin PBXSourcesBuildPhase section */
		7715B1A52850A18C00DD330B /* Sources */ = {
			isa = PBXSourcesBuildPhase;
			buildActionMask = 2147483647;
			files = (
				7715B1DD2850A6DA00DD330B /* LoginViewController.swift in Sources */,
				7715B1B12850A18C00DD330B /* ViewController.swift in Sources */,
				7715B1AD2850A18C00DD330B /* AppDelegate.swift in Sources */,
				7715B1AF2850A18C00DD330B /* SceneDelegate.swift in Sources */,
			);
			runOnlyForDeploymentPostprocessing = 0;
		};
		7715B1BB2850A18C00DD330B /* Sources */ = {
			isa = PBXSourcesBuildPhase;
			buildActionMask = 2147483647;
			files = (
				7715B1C42850A18C00DD330B /* TrainCampTests.swift in Sources */,
			);
			runOnlyForDeploymentPostprocessing = 0;
		};
		7715B1C52850A18C00DD330B /* Sources */ = {
			isa = PBXSourcesBuildPhase;
			buildActionMask = 2147483647;
			files = (
				7715B1D02850A18C00DD330B /* TrainCampUITestsLaunchTests.swift in Sources */,
				7715B1CE2850A18C00DD330B /* TrainCampUITests.swift in Sources */,
			);
			runOnlyForDeploymentPostprocessing = 0;
		};
/* End PBXSourcesBuildPhase section */

/* Begin PBXTargetDependency section */
		7715B1C12850A18C00DD330B /* PBXTargetDependency */ = {
			isa = PBXTargetDependency;
			target = 7715B1A82850A18C00DD330B /* TrainCamp */;
			targetProxy = 7715B1C02850A18C00DD330B /* PBXContainerItemProxy */;
		};
		7715B1CB2850A18C00DD330B /* PBXTargetDependency */ = {
			isa = PBXTargetDependency;
			target = 7715B1A82850A18C00DD330B /* TrainCamp */;
			targetProxy = 7715B1CA2850A18C00DD330B /* PBXContainerItemProxy */;
		};
/* End PBXTargetDependency section */

/* Begin PBXVariantGroup section */
		7715B1B22850A18C00DD330B /* Main.storyboard */ = {
			isa = PBXVariantGroup;
			children = (
				7715B1B32850A18C00DD330B /* Base */,
			);
			name = Main.storyboard;
			sourceTree = "<group>";
		};
		7715B1B72850A18C00DD330B /* LaunchScreen.storyboard */ = {
			isa = PBXVariantGroup;
			children = (
				7715B1B82850A18C00DD330B /* Base */,
			);
			name = LaunchScreen.storyboard;
			sourceTree = "<group>";
		};
/* End PBXVariantGroup section */

/* Begin XCBuildConfiguration section */
		7715B1D12850A18C00DD330B /* Debug */ = {
			isa = XCBuildConfiguration;
			buildSettings = {
				ALWAYS_SEARCH_USER_PATHS = NO;
				CLANG_ANALYZER_NONNULL = YES;
				CLANG_ANALYZER_NUMBER_OBJECT_CONVERSION = YES_AGGRESSIVE;
				CLANG_CXX_LANGUAGE_STANDARD = "gnu++17";
				CLANG_ENABLE_MODULES = YES;
				CLANG_ENABLE_OBJC_ARC = YES;
				CLANG_ENABLE_OBJC_WEAK = YES;
				CLANG_WARN_BLOCK_CAPTURE_AUTORELEASING = YES;
				CLANG_WARN_BOOL_CONVERSION = YES;
				CLANG_WARN_COMMA = YES;
				CLANG_WARN_CONSTANT_CONVERSION = YES;
				CLANG_WARN_DEPRECATED_OBJC_IMPLEMENTATIONS = YES;
				CLANG_WARN_DIRECT_OBJC_ISA_USAGE = YES_ERROR;
				CLANG_WARN_DOCUMENTATION_COMMENTS = YES;
				CLANG_WARN_EMPTY_BODY = YES;
				CLANG_WARN_ENUM_CONVERSION = YES;
				CLANG_WARN_INFINITE_RECURSION = YES;
				CLANG_WARN_INT_CONVERSION = YES;
				CLANG_WARN_NON_LITERAL_NULL_CONVERSION = YES;
				CLANG_WARN_OBJC_IMPLICIT_RETAIN_SELF = YES;
				CLANG_WARN_OBJC_LITERAL_CONVERSION = YES;
				CLANG_WARN_OBJC_ROOT_CLASS = YES_ERROR;
				CLANG_WARN_QUOTED_INCLUDE_IN_FRAMEWORK_HEADER = YES;
				CLANG_WARN_RANGE_LOOP_ANALYSIS = YES;
				CLANG_WARN_STRICT_PROTOTYPES = YES;
				CLANG_WARN_SUSPICIOUS_MOVE = YES;
				CLANG_WARN_UNGUARDED_AVAILABILITY = YES_AGGRESSIVE;
				CLANG_WARN_UNREACHABLE_CODE = YES;
				CLANG_WARN__DUPLICATE_METHOD_MATCH = YES;
				COPY_PHASE_STRIP = NO;
				DEBUG_INFORMATION_FORMAT = dwarf;
				ENABLE_STRICT_OBJC_MSGSEND = YES;
				ENABLE_TESTABILITY = YES;
				GCC_C_LANGUAGE_STANDARD = gnu11;
				GCC_DYNAMIC_NO_PIC = NO;
				GCC_NO_COMMON_BLOCKS = YES;
				GCC_OPTIMIZATION_LEVEL = 0;
				GCC_PREPROCESSOR_DEFINITIONS = (
					"DEBUG=1",
					"$(inherited)",
				);
				GCC_WARN_64_TO_32_BIT_CONVERSION = YES;
				GCC_WARN_ABOUT_RETURN_TYPE = YES_ERROR;
				GCC_WARN_UNDECLARED_SELECTOR = YES;
				GCC_WARN_UNINITIALIZED_AUTOS = YES_AGGRESSIVE;
				GCC_WARN_UNUSED_FUNCTION = YES;
				GCC_WARN_UNUSED_VARIABLE = YES;
				IPHONEOS_DEPLOYMENT_TARGET = 15.5;
				MTL_ENABLE_DEBUG_INFO = INCLUDE_SOURCE;
				MTL_FAST_MATH = YES;
				ONLY_ACTIVE_ARCH = YES;
				SDKROOT = iphoneos;
				SWIFT_ACTIVE_COMPILATION_CONDITIONS = DEBUG;
				SWIFT_OPTIMIZATION_LEVEL = "-Onone";
			};
			name = Debug;
		};
		7715B1D22850A18C00DD330B /* Release */ = {
			isa = XCBuildConfiguration;
			buildSettings = {
				ALWAYS_SEARCH_USER_PATHS = NO;
				CLANG_ANALYZER_NONNULL = YES;
				CLANG_ANALYZER_NUMBER_OBJECT_CONVERSION = YES_AGGRESSIVE;
				CLANG_CXX_LANGUAGE_STANDARD = "gnu++17";
				CLANG_ENABLE_MODULES = YES;
				CLANG_ENABLE_OBJC_ARC = YES;
				CLANG_ENABLE_OBJC_WEAK = YES;
				CLANG_WARN_BLOCK_CAPTURE_AUTORELEASING = YES;
				CLANG_WARN_BOOL_CONVERSION = YES;
				CLANG_WARN_COMMA = YES;
				CLANG_WARN_CONSTANT_CONVERSION = YES;
				CLANG_WARN_DEPRECATED_OBJC_IMPLEMENTATIONS = YES;
				CLANG_WARN_DIRECT_OBJC_ISA_USAGE = YES_ERROR;
				CLANG_WARN_DOCUMENTATION_COMMENTS = YES;
				CLANG_WARN_EMPTY_BODY = YES;
				CLANG_WARN_ENUM_CONVERSION = YES;
				CLANG_WARN_INFINITE_RECURSION = YES;
				CLANG_WARN_INT_CONVERSION = YES;
				CLANG_WARN_NON_LITERAL_NULL_CONVERSION = YES;
				CLANG_WARN_OBJC_IMPLICIT_RETAIN_SELF = YES;
				CLANG_WARN_OBJC_LITERAL_CONVERSION = YES;
				CLANG_WARN_OBJC_ROOT_CLASS = YES_ERROR;
				CLANG_WARN_QUOTED_INCLUDE_IN_FRAMEWORK_HEADER = YES;
				CLANG_WARN_RANGE_LOOP_ANALYSIS = YES;
				CLANG_WARN_STRICT_PROTOTYPES = YES;
				CLANG_WARN_SUSPICIOUS_MOVE = YES;
				CLANG_WARN_UNGUARDED_AVAILABILITY = YES_AGGRESSIVE;
				CLANG_WARN_UNREACHABLE_CODE = YES;
				CLANG_WARN__DUPLICATE_METHOD_MATCH = YES;
				COPY_PHASE_STRIP = NO;
				DEBUG_INFORMATION_FORMAT = "dwarf-with-dsym";
				ENABLE_NS_ASSERTIONS = NO;
				ENABLE_STRICT_OBJC_MSGSEND = YES;
				GCC_C_LANGUAGE_STANDARD = gnu11;
				GCC_NO_COMMON_BLOCKS = YES;
				GCC_WARN_64_TO_32_BIT_CONVERSION = YES;
				GCC_WARN_ABOUT_RETURN_TYPE = YES_ERROR;
				GCC_WARN_UNDECLARED_SELECTOR = YES;
				GCC_WARN_UNINITIALIZED_AUTOS = YES_AGGRESSIVE;
				GCC_WARN_UNUSED_FUNCTION = YES;
				GCC_WARN_UNUSED_VARIABLE = YES;
				IPHONEOS_DEPLOYMENT_TARGET = 15.5;
				MTL_ENABLE_DEBUG_INFO = NO;
				MTL_FAST_MATH = YES;
				SDKROOT = iphoneos;
				SWIFT_COMPILATION_MODE = wholemodule;
				SWIFT_OPTIMIZATION_LEVEL = "-O";
				VALIDATE_PRODUCT = YES;
			};
			name = Release;
		};
		7715B1D42850A18C00DD330B /* Debug */ = {
			isa = XCBuildConfiguration;
			baseConfigurationReference = 547B41D03429B764D6533B4A /* Pods-TrainCamp.debug.xcconfig */;
			buildSettings = {
				ASSETCATALOG_COMPILER_APPICON_NAME = AppIcon;
				ASSETCATALOG_COMPILER_GLOBAL_ACCENT_COLOR_NAME = AccentColor;
				CODE_SIGN_STYLE = Automatic;
				CURRENT_PROJECT_VERSION = 1;
				GENERATE_INFOPLIST_FILE = YES;
				INFOPLIST_FILE = TrainCamp/Info.plist;
				INFOPLIST_KEY_UIApplicationSupportsIndirectInputEvents = YES;
				INFOPLIST_KEY_UILaunchStoryboardName = LaunchScreen;
				INFOPLIST_KEY_UIMainStoryboardFile = Main;
				INFOPLIST_KEY_UISupportedInterfaceOrientations_iPad = "UIInterfaceOrientationPortrait UIInterfaceOrientationPortraitUpsideDown UIInterfaceOrientationLandscapeLeft UIInterfaceOrientationLandscapeRight";
				INFOPLIST_KEY_UISupportedInterfaceOrientations_iPhone = "UIInterfaceOrientationPortrait UIInterfaceOrientationLandscapeLeft UIInterfaceOrientationLandscapeRight";
				LD_RUNPATH_SEARCH_PATHS = (
					"$(inherited)",
					"@executable_path/Frameworks",
				);
				MARKETING_VERSION = 1.0;
				PRODUCT_BUNDLE_IDENTIFIER = com.afeka.TrainCamp;
				PRODUCT_NAME = "$(TARGET_NAME)";
				SWIFT_EMIT_LOC_STRINGS = YES;
				SWIFT_VERSION = 5.0;
				TARGETED_DEVICE_FAMILY = "1,2";
			};
			name = Debug;
		};
		7715B1D52850A18C00DD330B /* Release */ = {
			isa = XCBuildConfiguration;
			baseConfigurationReference = 5C252DC75084349BF852605A /* Pods-TrainCamp.release.xcconfig */;
			buildSettings = {
				ASSETCATALOG_COMPILER_APPICON_NAME = AppIcon;
				ASSETCATALOG_COMPILER_GLOBAL_ACCENT_COLOR_NAME = AccentColor;
				CODE_SIGN_STYLE = Automatic;
				CURRENT_PROJECT_VERSION = 1;
				GENERATE_INFOPLIST_FILE = YES;
				INFOPLIST_FILE = TrainCamp/Info.plist;
				INFOPLIST_KEY_UIApplicationSupportsIndirectInputEvents = YES;
				INFOPLIST_KEY_UILaunchStoryboardName = LaunchScreen;
				INFOPLIST_KEY_UIMainStoryboardFile = Main;
				INFOPLIST_KEY_UISupportedInterfaceOrientations_iPad = "UIInterfaceOrientationPortrait UIInterfaceOrientationPortraitUpsideDown UIInterfaceOrientationLandscapeLeft UIInterfaceOrientationLandscapeRight";
				INFOPLIST_KEY_UISupportedInterfaceOrientations_iPhone = "UIInterfaceOrientationPortrait UIInterfaceOrientationLandscapeLeft UIInterfaceOrientationLandscapeRight";
				LD_RUNPATH_SEARCH_PATHS = (
					"$(inherited)",
					"@executable_path/Frameworks",
				);
				MARKETING_VERSION = 1.0;
				PRODUCT_BUNDLE_IDENTIFIER = com.afeka.TrainCamp;
				PRODUCT_NAME = "$(TARGET_NAME)";
				SWIFT_EMIT_LOC_STRINGS = YES;
				SWIFT_VERSION = 5.0;
				TARGETED_DEVICE_FAMILY = "1,2";
			};
			name = Release;
		};
		7715B1D72850A18C00DD330B /* Debug */ = {
			isa = XCBuildConfiguration;
			baseConfigurationReference = 29BE7122A555E78AD28BCDA4 /* Pods-TrainCampTests.debug.xcconfig */;
			buildSettings = {
				ALWAYS_EMBED_SWIFT_STANDARD_LIBRARIES = YES;
				BUNDLE_LOADER = "$(TEST_HOST)";
				CODE_SIGN_STYLE = Automatic;
				CURRENT_PROJECT_VERSION = 1;
				GENERATE_INFOPLIST_FILE = YES;
				IPHONEOS_DEPLOYMENT_TARGET = 15.5;
				MARKETING_VERSION = 1.0;
				PRODUCT_BUNDLE_IDENTIFIER = com.afeka.TrainCampTests;
				PRODUCT_NAME = "$(TARGET_NAME)";
				SWIFT_EMIT_LOC_STRINGS = NO;
				SWIFT_VERSION = 5.0;
				TARGETED_DEVICE_FAMILY = "1,2";
				TEST_HOST = "$(BUILT_PRODUCTS_DIR)/TrainCamp.app/TrainCamp";
			};
			name = Debug;
		};
		7715B1D82850A18C00DD330B /* Release */ = {
			isa = XCBuildConfiguration;
			baseConfigurationReference = F574CC297BCB7C092DDABA44 /* Pods-TrainCampTests.release.xcconfig */;
			buildSettings = {
				ALWAYS_EMBED_SWIFT_STANDARD_LIBRARIES = YES;
				BUNDLE_LOADER = "$(TEST_HOST)";
				CODE_SIGN_STYLE = Automatic;
				CURRENT_PROJECT_VERSION = 1;
				GENERATE_INFOPLIST_FILE = YES;
				IPHONEOS_DEPLOYMENT_TARGET = 15.5;
				MARKETING_VERSION = 1.0;
				PRODUCT_BUNDLE_IDENTIFIER = com.afeka.TrainCampTests;
				PRODUCT_NAME = "$(TARGET_NAME)";
				SWIFT_EMIT_LOC_STRINGS = NO;
				SWIFT_VERSION = 5.0;
				TARGETED_DEVICE_FAMILY = "1,2";
				TEST_HOST = "$(BUILT_PRODUCTS_DIR)/TrainCamp.app/TrainCamp";
			};
			name = Release;
		};
		7715B1DA2850A18C00DD330B /* Debug */ = {
			isa = XCBuildConfiguration;
			baseConfigurationReference = C8BA058D7C7380F583E68E26 /* Pods-TrainCamp-TrainCampUITests.debug.xcconfig */;
			buildSettings = {
				ALWAYS_EMBED_SWIFT_STANDARD_LIBRARIES = YES;
				CODE_SIGN_STYLE = Automatic;
				CURRENT_PROJECT_VERSION = 1;
				GENERATE_INFOPLIST_FILE = YES;
				MARKETING_VERSION = 1.0;
				PRODUCT_BUNDLE_IDENTIFIER = com.afeka.TrainCampUITests;
				PRODUCT_NAME = "$(TARGET_NAME)";
				SWIFT_EMIT_LOC_STRINGS = NO;
				SWIFT_VERSION = 5.0;
				TARGETED_DEVICE_FAMILY = "1,2";
				TEST_TARGET_NAME = TrainCamp;
			};
			name = Debug;
		};
		7715B1DB2850A18C00DD330B /* Release */ = {
			isa = XCBuildConfiguration;
			baseConfigurationReference = 11277E67E29D85D0DE9C0125 /* Pods-TrainCamp-TrainCampUITests.release.xcconfig */;
			buildSettings = {
				ALWAYS_EMBED_SWIFT_STANDARD_LIBRARIES = YES;
				CODE_SIGN_STYLE = Automatic;
				CURRENT_PROJECT_VERSION = 1;
				GENERATE_INFOPLIST_FILE = YES;
				MARKETING_VERSION = 1.0;
				PRODUCT_BUNDLE_IDENTIFIER = com.afeka.TrainCampUITests;
				PRODUCT_NAME = "$(TARGET_NAME)";
				SWIFT_EMIT_LOC_STRINGS = NO;
				SWIFT_VERSION = 5.0;
				TARGETED_DEVICE_FAMILY = "1,2";
				TEST_TARGET_NAME = TrainCamp;
			};
			name = Release;
		};
/* End XCBuildConfiguration section */

/* Begin XCConfigurationList section */
		7715B1A42850A18C00DD330B /* Build configuration list for PBXProject "TrainCamp" */ = {
			isa = XCConfigurationList;
			buildConfigurations = (
				7715B1D12850A18C00DD330B /* Debug */,
				7715B1D22850A18C00DD330B /* Release */,
			);
			defaultConfigurationIsVisible = 0;
			defaultConfigurationName = Release;
		};
		7715B1D32850A18C00DD330B /* Build configuration list for PBXNativeTarget "TrainCamp" */ = {
			isa = XCConfigurationList;
			buildConfigurations = (
				7715B1D42850A18C00DD330B /* Debug */,
				7715B1D52850A18C00DD330B /* Release */,
			);
			defaultConfigurationIsVisible = 0;
			defaultConfigurationName = Release;
		};
		7715B1D62850A18C00DD330B /* Build configuration list for PBXNativeTarget "TrainCampTests" */ = {
			isa = XCConfigurationList;
			buildConfigurations = (
				7715B1D72850A18C00DD330B /* Debug */,
				7715B1D82850A18C00DD330B /* Release */,
			);
			defaultConfigurationIsVisible = 0;
			defaultConfigurationName = Release;
		};
		7715B1D92850A18C00DD330B /* Build configuration list for PBXNativeTarget "TrainCampUITests" */ = {
			isa = XCConfigurationList;
			buildConfigurations = (
				7715B1DA2850A18C00DD330B /* Debug */,
				7715B1DB2850A18C00DD330B /* Release */,
			);
			defaultConfigurationIsVisible = 0;
			defaultConfigurationName = Release;
		};
/* End XCConfigurationList section */
	};
	rootObject = 7715B1A12850A18C00DD330B /* Project object */;
}
